// !$*UTF8*$!
{
	archiveVersion = 1;
	classes = {
	};
	objectVersion = 46;
	objects = {

/* Begin PBXBuildFile section */
		390A288219EBAB48009976F7 /* main.m in Sources */ = {isa = PBXBuildFile; fileRef = 390A288119EBAB48009976F7 /* main.m */; };
		390A288519EBAB48009976F7 /* AppDelegate.m in Sources */ = {isa = PBXBuildFile; fileRef = 390A288419EBAB48009976F7 /* AppDelegate.m */; };
		390A288E19EBAB48009976F7 /* Main.storyboard in Resources */ = {isa = PBXBuildFile; fileRef = 390A288C19EBAB48009976F7 /* Main.storyboard */; };
		390A289019EBAB48009976F7 /* Images.xcassets in Resources */ = {isa = PBXBuildFile; fileRef = 390A288F19EBAB48009976F7 /* Images.xcassets */; };
		390A289319EBAB48009976F7 /* LaunchScreen.xib in Resources */ = {isa = PBXBuildFile; fileRef = 390A289119EBAB48009976F7 /* LaunchScreen.xib */; };
		390A289F19EBAB48009976F7 /* TasklyTests.m in Sources */ = {isa = PBXBuildFile; fileRef = 390A289E19EBAB48009976F7 /* TasklyTests.m */; };
		390A28A919EBACF6009976F7 /* UIKit.framework in Frameworks */ = {isa = PBXBuildFile; fileRef = 390A28A819EBACF6009976F7 /* UIKit.framework */; };
		390A28AB19EBB8E1009976F7 /* MapKit.framework in Frameworks */ = {isa = PBXBuildFile; fileRef = 390A28AA19EBB8E1009976F7 /* MapKit.framework */; };
		390A28AE19EBC0DF009976F7 /* TaskTabViewController.m in Sources */ = {isa = PBXBuildFile; fileRef = 390A28AD19EBC0DF009976F7 /* TaskTabViewController.m */; };
		390A28B219EBC27B009976F7 /* TaskManager.m in Sources */ = {isa = PBXBuildFile; fileRef = 390A28B119EBC27B009976F7 /* TaskManager.m */; };
		390A28B519EBC330009976F7 /* Task.m in Sources */ = {isa = PBXBuildFile; fileRef = 390A28B419EBC330009976F7 /* Task.m */; };
		390A28C019EBC970009976F7 /* hamburger_icon.png in Resources */ = {isa = PBXBuildFile; fileRef = 390A28BF19EBC970009976F7 /* hamburger_icon.png */; };
		3951492019F5C28F0063C4CF /* Bolts.framework in Frameworks */ = {isa = PBXBuildFile; fileRef = 3951491D19F5C28F0063C4CF /* Bolts.framework */; };
		3951492219F5C28F0063C4CF /* ParseFacebookUtils.framework in Frameworks */ = {isa = PBXBuildFile; fileRef = 3951491F19F5C28F0063C4CF /* ParseFacebookUtils.framework */; };
		3951492419F5C2980063C4CF /* Twitter.framework in Frameworks */ = {isa = PBXBuildFile; fileRef = 3951492319F5C2980063C4CF /* Twitter.framework */; };
		3951492619F5C2AF0063C4CF /* ImageIO.framework in Frameworks */ = {isa = PBXBuildFile; fileRef = 3951492519F5C2AF0063C4CF /* ImageIO.framework */; };
		3951492819F5C2B40063C4CF /* Foundation.framework in Frameworks */ = {isa = PBXBuildFile; fileRef = 3951492719F5C2B40063C4CF /* Foundation.framework */; };
		3951492A19F5C2BF0063C4CF /* AudioToolbox.framework in Frameworks */ = {isa = PBXBuildFile; fileRef = 3951492919F5C2BF0063C4CF /* AudioToolbox.framework */; };
		3951492C19F5C2C50063C4CF /* CFNetwork.framework in Frameworks */ = {isa = PBXBuildFile; fileRef = 3951492B19F5C2C50063C4CF /* CFNetwork.framework */; };
		3951492E19F5C2CA0063C4CF /* CoreGraphics.framework in Frameworks */ = {isa = PBXBuildFile; fileRef = 3951492D19F5C2CA0063C4CF /* CoreGraphics.framework */; };
		3951493019F5C2D30063C4CF /* CoreLocation.framework in Frameworks */ = {isa = PBXBuildFile; fileRef = 3951492F19F5C2D30063C4CF /* CoreLocation.framework */; };
		3951493219F5C2D90063C4CF /* libz.dylib in Frameworks */ = {isa = PBXBuildFile; fileRef = 3951493119F5C2D90063C4CF /* libz.dylib */; };
		3951493419F5C2DD0063C4CF /* MobileCoreServices.framework in Frameworks */ = {isa = PBXBuildFile; fileRef = 3951493319F5C2DD0063C4CF /* MobileCoreServices.framework */; };
		3951493619F5C2E20063C4CF /* QuartzCore.framework in Frameworks */ = {isa = PBXBuildFile; fileRef = 3951493519F5C2E20063C4CF /* QuartzCore.framework */; };
		3951493819F5C2E70063C4CF /* Security.framework in Frameworks */ = {isa = PBXBuildFile; fileRef = 3951493719F5C2E70063C4CF /* Security.framework */; };
		3951493A19F5C2EB0063C4CF /* StoreKit.framework in Frameworks */ = {isa = PBXBuildFile; fileRef = 3951493919F5C2EB0063C4CF /* StoreKit.framework */; };
		3951493C19F5C2F10063C4CF /* SystemConfiguration.framework in Frameworks */ = {isa = PBXBuildFile; fileRef = 3951493B19F5C2F00063C4CF /* SystemConfiguration.framework */; };
		3951493E19F5C2F50063C4CF /* Social.framework in Frameworks */ = {isa = PBXBuildFile; fileRef = 3951493D19F5C2F50063C4CF /* Social.framework */; };
		3951494019F5C2F90063C4CF /* Accounts.framework in Frameworks */ = {isa = PBXBuildFile; fileRef = 3951493F19F5C2F90063C4CF /* Accounts.framework */; };
		3951494719F5C88B0063C4CF /* SettingsViewController.m in Sources */ = {isa = PBXBuildFile; fileRef = 3951494619F5C88B0063C4CF /* SettingsViewController.m */; };
		3951494B19F5EB7D0063C4CF /* Parse.framework in Frameworks */ = {isa = PBXBuildFile; fileRef = 3951491E19F5C28F0063C4CF /* Parse.framework */; };
		3951494E19F5F8E30063C4CF /* NewTaskDetailViewController.m in Sources */ = {isa = PBXBuildFile; fileRef = 3951494D19F5F8E30063C4CF /* NewTaskDetailViewController.m */; };
		3951495119F5FA130063C4CF /* stepper_up.png in Resources */ = {isa = PBXBuildFile; fileRef = 3951494F19F5FA130063C4CF /* stepper_up.png */; };
		3951495219F5FA130063C4CF /* stepper_down.png in Resources */ = {isa = PBXBuildFile; fileRef = 3951495019F5FA130063C4CF /* stepper_down.png */; };
		39CDCA7F19F63A2E00108DCB /* TaskDetailViewController.m in Sources */ = {isa = PBXBuildFile; fileRef = 39CDCA7E19F63A2E00108DCB /* TaskDetailViewController.m */; };
		39CDCA8219F63AC300108DCB /* NewTaskViewController.m in Sources */ = {isa = PBXBuildFile; fileRef = 39CDCA8119F63AC300108DCB /* NewTaskViewController.m */; };
/* End PBXBuildFile section */

/* Begin PBXContainerItemProxy section */
		390A289919EBAB48009976F7 /* PBXContainerItemProxy */ = {
			isa = PBXContainerItemProxy;
			containerPortal = 390A287419EBAB48009976F7 /* Project object */;
			proxyType = 1;
			remoteGlobalIDString = 390A287B19EBAB48009976F7;
			remoteInfo = Taskly;
		};
/* End PBXContainerItemProxy section */

/* Begin PBXFileReference section */
		390A287C19EBAB48009976F7 /* Taskly.app */ = {isa = PBXFileReference; explicitFileType = wrapper.application; includeInIndex = 0; path = Taskly.app; sourceTree = BUILT_PRODUCTS_DIR; };
		390A288019EBAB48009976F7 /* Info.plist */ = {isa = PBXFileReference; lastKnownFileType = text.plist.xml; path = Info.plist; sourceTree = "<group>"; };
		390A288119EBAB48009976F7 /* main.m */ = {isa = PBXFileReference; lastKnownFileType = sourcecode.c.objc; path = main.m; sourceTree = "<group>"; };
		390A288319EBAB48009976F7 /* AppDelegate.h */ = {isa = PBXFileReference; lastKnownFileType = sourcecode.c.h; path = AppDelegate.h; sourceTree = "<group>"; };
		390A288419EBAB48009976F7 /* AppDelegate.m */ = {isa = PBXFileReference; lastKnownFileType = sourcecode.c.objc; path = AppDelegate.m; sourceTree = "<group>"; };
		390A288D19EBAB48009976F7 /* Base */ = {isa = PBXFileReference; lastKnownFileType = file.storyboard; name = Base; path = Base.lproj/Main.storyboard; sourceTree = "<group>"; };
		390A288F19EBAB48009976F7 /* Images.xcassets */ = {isa = PBXFileReference; lastKnownFileType = folder.assetcatalog; path = Images.xcassets; sourceTree = "<group>"; };
		390A289219EBAB48009976F7 /* Base */ = {isa = PBXFileReference; lastKnownFileType = file.xib; name = Base; path = Base.lproj/LaunchScreen.xib; sourceTree = "<group>"; };
		390A289819EBAB48009976F7 /* TasklyTests.xctest */ = {isa = PBXFileReference; explicitFileType = wrapper.cfbundle; includeInIndex = 0; path = TasklyTests.xctest; sourceTree = BUILT_PRODUCTS_DIR; };
		390A289D19EBAB48009976F7 /* Info.plist */ = {isa = PBXFileReference; lastKnownFileType = text.plist.xml; path = Info.plist; sourceTree = "<group>"; };
		390A289E19EBAB48009976F7 /* TasklyTests.m */ = {isa = PBXFileReference; lastKnownFileType = sourcecode.c.objc; path = TasklyTests.m; sourceTree = "<group>"; };
		390A28A819EBACF6009976F7 /* UIKit.framework */ = {isa = PBXFileReference; lastKnownFileType = wrapper.framework; name = UIKit.framework; path = System/Library/Frameworks/UIKit.framework; sourceTree = SDKROOT; };
		390A28AA19EBB8E1009976F7 /* MapKit.framework */ = {isa = PBXFileReference; lastKnownFileType = wrapper.framework; name = MapKit.framework; path = System/Library/Frameworks/MapKit.framework; sourceTree = SDKROOT; };
		390A28AC19EBC0DF009976F7 /* TaskTabViewController.h */ = {isa = PBXFileReference; fileEncoding = 4; lastKnownFileType = sourcecode.c.h; path = TaskTabViewController.h; sourceTree = "<group>"; };
		390A28AD19EBC0DF009976F7 /* TaskTabViewController.m */ = {isa = PBXFileReference; fileEncoding = 4; lastKnownFileType = sourcecode.c.objc; path = TaskTabViewController.m; sourceTree = "<group>"; };
		390A28B019EBC27B009976F7 /* TaskManager.h */ = {isa = PBXFileReference; fileEncoding = 4; lastKnownFileType = sourcecode.c.h; path = TaskManager.h; sourceTree = "<group>"; };
		390A28B119EBC27B009976F7 /* TaskManager.m */ = {isa = PBXFileReference; fileEncoding = 4; lastKnownFileType = sourcecode.c.objc; path = TaskManager.m; sourceTree = "<group>"; };
		390A28B319EBC330009976F7 /* Task.h */ = {isa = PBXFileReference; fileEncoding = 4; lastKnownFileType = sourcecode.c.h; path = Task.h; sourceTree = "<group>"; };
		390A28B419EBC330009976F7 /* Task.m */ = {isa = PBXFileReference; fileEncoding = 4; lastKnownFileType = sourcecode.c.objc; path = Task.m; sourceTree = "<group>"; };
		390A28BF19EBC970009976F7 /* hamburger_icon.png */ = {isa = PBXFileReference; lastKnownFileType = image.png; path = hamburger_icon.png; sourceTree = "<group>"; };
		3951491D19F5C28F0063C4CF /* Bolts.framework */ = {isa = PBXFileReference; lastKnownFileType = wrapper.framework; name = Bolts.framework; path = "../../../Resources/parse-library-1/Bolts.framework"; sourceTree = "<group>"; };
		3951491E19F5C28F0063C4CF /* Parse.framework */ = {isa = PBXFileReference; lastKnownFileType = wrapper.framework; name = Parse.framework; path = "../../../Resources/parse-library-1/Parse.framework"; sourceTree = "<group>"; };
		3951491F19F5C28F0063C4CF /* ParseFacebookUtils.framework */ = {isa = PBXFileReference; lastKnownFileType = wrapper.framework; name = ParseFacebookUtils.framework; path = "../../../Resources/parse-library-1/ParseFacebookUtils.framework"; sourceTree = "<group>"; };
		3951492319F5C2980063C4CF /* Twitter.framework */ = {isa = PBXFileReference; lastKnownFileType = wrapper.framework; name = Twitter.framework; path = System/Library/Frameworks/Twitter.framework; sourceTree = SDKROOT; };
		3951492519F5C2AF0063C4CF /* ImageIO.framework */ = {isa = PBXFileReference; lastKnownFileType = wrapper.framework; name = ImageIO.framework; path = System/Library/Frameworks/ImageIO.framework; sourceTree = SDKROOT; };
		3951492719F5C2B40063C4CF /* Foundation.framework */ = {isa = PBXFileReference; lastKnownFileType = wrapper.framework; name = Foundation.framework; path = System/Library/Frameworks/Foundation.framework; sourceTree = SDKROOT; };
		3951492919F5C2BF0063C4CF /* AudioToolbox.framework */ = {isa = PBXFileReference; lastKnownFileType = wrapper.framework; name = AudioToolbox.framework; path = System/Library/Frameworks/AudioToolbox.framework; sourceTree = SDKROOT; };
		3951492B19F5C2C50063C4CF /* CFNetwork.framework */ = {isa = PBXFileReference; lastKnownFileType = wrapper.framework; name = CFNetwork.framework; path = System/Library/Frameworks/CFNetwork.framework; sourceTree = SDKROOT; };
		3951492D19F5C2CA0063C4CF /* CoreGraphics.framework */ = {isa = PBXFileReference; lastKnownFileType = wrapper.framework; name = CoreGraphics.framework; path = System/Library/Frameworks/CoreGraphics.framework; sourceTree = SDKROOT; };
		3951492F19F5C2D30063C4CF /* CoreLocation.framework */ = {isa = PBXFileReference; lastKnownFileType = wrapper.framework; name = CoreLocation.framework; path = System/Library/Frameworks/CoreLocation.framework; sourceTree = SDKROOT; };
		3951493119F5C2D90063C4CF /* libz.dylib */ = {isa = PBXFileReference; lastKnownFileType = "compiled.mach-o.dylib"; name = libz.dylib; path = usr/lib/libz.dylib; sourceTree = SDKROOT; };
		3951493319F5C2DD0063C4CF /* MobileCoreServices.framework */ = {isa = PBXFileReference; lastKnownFileType = wrapper.framework; name = MobileCoreServices.framework; path = System/Library/Frameworks/MobileCoreServices.framework; sourceTree = SDKROOT; };
		3951493519F5C2E20063C4CF /* QuartzCore.framework */ = {isa = PBXFileReference; lastKnownFileType = wrapper.framework; name = QuartzCore.framework; path = System/Library/Frameworks/QuartzCore.framework; sourceTree = SDKROOT; };
		3951493719F5C2E70063C4CF /* Security.framework */ = {isa = PBXFileReference; lastKnownFileType = wrapper.framework; name = Security.framework; path = System/Library/Frameworks/Security.framework; sourceTree = SDKROOT; };
		3951493919F5C2EB0063C4CF /* StoreKit.framework */ = {isa = PBXFileReference; lastKnownFileType = wrapper.framework; name = StoreKit.framework; path = System/Library/Frameworks/StoreKit.framework; sourceTree = SDKROOT; };
		3951493B19F5C2F00063C4CF /* SystemConfiguration.framework */ = {isa = PBXFileReference; lastKnownFileType = wrapper.framework; name = SystemConfiguration.framework; path = System/Library/Frameworks/SystemConfiguration.framework; sourceTree = SDKROOT; };
		3951493D19F5C2F50063C4CF /* Social.framework */ = {isa = PBXFileReference; lastKnownFileType = wrapper.framework; name = Social.framework; path = System/Library/Frameworks/Social.framework; sourceTree = SDKROOT; };
		3951493F19F5C2F90063C4CF /* Accounts.framework */ = {isa = PBXFileReference; lastKnownFileType = wrapper.framework; name = Accounts.framework; path = System/Library/Frameworks/Accounts.framework; sourceTree = SDKROOT; };
		3951494519F5C88B0063C4CF /* SettingsViewController.h */ = {isa = PBXFileReference; fileEncoding = 4; lastKnownFileType = sourcecode.c.h; path = SettingsViewController.h; sourceTree = "<group>"; };
		3951494619F5C88B0063C4CF /* SettingsViewController.m */ = {isa = PBXFileReference; fileEncoding = 4; lastKnownFileType = sourcecode.c.objc; path = SettingsViewController.m; sourceTree = "<group>"; };
		3951494C19F5F8E30063C4CF /* NewTaskDetailViewController.h */ = {isa = PBXFileReference; fileEncoding = 4; lastKnownFileType = sourcecode.c.h; path = NewTaskDetailViewController.h; sourceTree = "<group>"; };
		3951494D19F5F8E30063C4CF /* NewTaskDetailViewController.m */ = {isa = PBXFileReference; fileEncoding = 4; lastKnownFileType = sourcecode.c.objc; path = NewTaskDetailViewController.m; sourceTree = "<group>"; };
		3951494F19F5FA130063C4CF /* stepper_up.png */ = {isa = PBXFileReference; lastKnownFileType = image.png; path = stepper_up.png; sourceTree = "<group>"; };
		3951495019F5FA130063C4CF /* stepper_down.png */ = {isa = PBXFileReference; lastKnownFileType = image.png; path = stepper_down.png; sourceTree = "<group>"; };
		39CDCA7D19F63A2E00108DCB /* TaskDetailViewController.h */ = {isa = PBXFileReference; fileEncoding = 4; lastKnownFileType = sourcecode.c.h; path = TaskDetailViewController.h; sourceTree = "<group>"; };
		39CDCA7E19F63A2E00108DCB /* TaskDetailViewController.m */ = {isa = PBXFileReference; fileEncoding = 4; lastKnownFileType = sourcecode.c.objc; path = TaskDetailViewController.m; sourceTree = "<group>"; };
		39CDCA8019F63AC300108DCB /* NewTaskViewController.h */ = {isa = PBXFileReference; fileEncoding = 4; lastKnownFileType = sourcecode.c.h; path = NewTaskViewController.h; sourceTree = "<group>"; };
		39CDCA8119F63AC300108DCB /* NewTaskViewController.m */ = {isa = PBXFileReference; fileEncoding = 4; lastKnownFileType = sourcecode.c.objc; path = NewTaskViewController.m; sourceTree = "<group>"; };
/* End PBXFileReference section */

/* Begin PBXFrameworksBuildPhase section */
		390A287919EBAB48009976F7 /* Frameworks */ = {
			isa = PBXFrameworksBuildPhase;
			buildActionMask = 2147483647;
			files = (
				3951494B19F5EB7D0063C4CF /* Parse.framework in Frameworks */,
				3951494019F5C2F90063C4CF /* Accounts.framework in Frameworks */,
				3951493E19F5C2F50063C4CF /* Social.framework in Frameworks */,
				3951493C19F5C2F10063C4CF /* SystemConfiguration.framework in Frameworks */,
				3951493A19F5C2EB0063C4CF /* StoreKit.framework in Frameworks */,
				3951493819F5C2E70063C4CF /* Security.framework in Frameworks */,
				3951493619F5C2E20063C4CF /* QuartzCore.framework in Frameworks */,
				3951493419F5C2DD0063C4CF /* MobileCoreServices.framework in Frameworks */,
				3951493219F5C2D90063C4CF /* libz.dylib in Frameworks */,
				3951493019F5C2D30063C4CF /* CoreLocation.framework in Frameworks */,
				3951492E19F5C2CA0063C4CF /* CoreGraphics.framework in Frameworks */,
				3951492C19F5C2C50063C4CF /* CFNetwork.framework in Frameworks */,
				3951492A19F5C2BF0063C4CF /* AudioToolbox.framework in Frameworks */,
				3951492819F5C2B40063C4CF /* Foundation.framework in Frameworks */,
				3951492619F5C2AF0063C4CF /* ImageIO.framework in Frameworks */,
				3951492419F5C2980063C4CF /* Twitter.framework in Frameworks */,
				3951492019F5C28F0063C4CF /* Bolts.framework in Frameworks */,
				3951492219F5C28F0063C4CF /* ParseFacebookUtils.framework in Frameworks */,
				390A28AB19EBB8E1009976F7 /* MapKit.framework in Frameworks */,
				390A28A919EBACF6009976F7 /* UIKit.framework in Frameworks */,
			);
			runOnlyForDeploymentPostprocessing = 0;
		};
		390A289519EBAB48009976F7 /* Frameworks */ = {
			isa = PBXFrameworksBuildPhase;
			buildActionMask = 2147483647;
			files = (
			);
			runOnlyForDeploymentPostprocessing = 0;
		};
/* End PBXFrameworksBuildPhase section */

/* Begin PBXGroup section */
		390A287319EBAB48009976F7 = {
			isa = PBXGroup;
			children = (
				390A287E19EBAB48009976F7 /* Taskly */,
				3951494119F5C3140063C4CF /* Frameworks */,
				390A289B19EBAB48009976F7 /* TasklyTests */,
				390A287D19EBAB48009976F7 /* Products */,
			);
			sourceTree = "<group>";
		};
		390A287D19EBAB48009976F7 /* Products */ = {
			isa = PBXGroup;
			children = (
				390A287C19EBAB48009976F7 /* Taskly.app */,
				390A289819EBAB48009976F7 /* TasklyTests.xctest */,
			);
			name = Products;
			sourceTree = "<group>";
		};
		390A287E19EBAB48009976F7 /* Taskly */ = {
			isa = PBXGroup;
			children = (
				390A288319EBAB48009976F7 /* AppDelegate.h */,
				390A288419EBAB48009976F7 /* AppDelegate.m */,
				390A28B019EBC27B009976F7 /* TaskManager.h */,
				390A28B119EBC27B009976F7 /* TaskManager.m */,
				390A28B319EBC330009976F7 /* Task.h */,
				390A28B419EBC330009976F7 /* Task.m */,
				390A28AF19EBC0E5009976F7 /* ViewControllers */,
				390A288C19EBAB48009976F7 /* Main.storyboard */,
				390A288F19EBAB48009976F7 /* Images.xcassets */,
				390A289119EBAB48009976F7 /* LaunchScreen.xib */,
				390A287F19EBAB48009976F7 /* Supporting Files */,
			);
			path = Taskly;
			sourceTree = "<group>";
		};
		390A287F19EBAB48009976F7 /* Supporting Files */ = {
			isa = PBXGroup;
			children = (
				3951494F19F5FA130063C4CF /* stepper_up.png */,
				3951495019F5FA130063C4CF /* stepper_down.png */,
				390A28BF19EBC970009976F7 /* hamburger_icon.png */,
				390A288019EBAB48009976F7 /* Info.plist */,
				390A288119EBAB48009976F7 /* main.m */,
			);
			name = "Supporting Files";
			sourceTree = "<group>";
		};
		390A289B19EBAB48009976F7 /* TasklyTests */ = {
			isa = PBXGroup;
			children = (
				390A289E19EBAB48009976F7 /* TasklyTests.m */,
				390A289C19EBAB48009976F7 /* Supporting Files */,
			);
			path = TasklyTests;
			sourceTree = "<group>";
		};
		390A289C19EBAB48009976F7 /* Supporting Files */ = {
			isa = PBXGroup;
			children = (
				390A289D19EBAB48009976F7 /* Info.plist */,
			);
			name = "Supporting Files";
			sourceTree = "<group>";
		};
		390A28AF19EBC0E5009976F7 /* ViewControllers */ = {
			isa = PBXGroup;
			children = (
				39CDCA8019F63AC300108DCB /* NewTaskViewController.h */,
				39CDCA8119F63AC300108DCB /* NewTaskViewController.m */,
				3951494C19F5F8E30063C4CF /* NewTaskDetailViewController.h */,
				3951494D19F5F8E30063C4CF /* NewTaskDetailViewController.m */,
				3951494519F5C88B0063C4CF /* SettingsViewController.h */,
				3951494619F5C88B0063C4CF /* SettingsViewController.m */,
				390A28AC19EBC0DF009976F7 /* TaskTabViewController.h */,
				390A28AD19EBC0DF009976F7 /* TaskTabViewController.m */,
				39CDCA7D19F63A2E00108DCB /* TaskDetailViewController.h */,
				39CDCA7E19F63A2E00108DCB /* TaskDetailViewController.m */,
			);
			name = ViewControllers;
			sourceTree = "<group>";
		};
		3951494119F5C3140063C4CF /* Frameworks */ = {
			isa = PBXGroup;
			children = (
				3951493F19F5C2F90063C4CF /* Accounts.framework */,
				3951493D19F5C2F50063C4CF /* Social.framework */,
				3951493B19F5C2F00063C4CF /* SystemConfiguration.framework */,
				3951493919F5C2EB0063C4CF /* StoreKit.framework */,
				3951493719F5C2E70063C4CF /* Security.framework */,
				3951493519F5C2E20063C4CF /* QuartzCore.framework */,
				3951493319F5C2DD0063C4CF /* MobileCoreServices.framework */,
				3951493119F5C2D90063C4CF /* libz.dylib */,
				3951492F19F5C2D30063C4CF /* CoreLocation.framework */,
				3951492D19F5C2CA0063C4CF /* CoreGraphics.framework */,
				3951492B19F5C2C50063C4CF /* CFNetwork.framework */,
				3951492919F5C2BF0063C4CF /* AudioToolbox.framework */,
				3951492719F5C2B40063C4CF /* Foundation.framework */,
				3951492519F5C2AF0063C4CF /* ImageIO.framework */,
				3951492319F5C2980063C4CF /* Twitter.framework */,
				3951491D19F5C28F0063C4CF /* Bolts.framework */,
				3951491E19F5C28F0063C4CF /* Parse.framework */,
				3951491F19F5C28F0063C4CF /* ParseFacebookUtils.framework */,
				390A28AA19EBB8E1009976F7 /* MapKit.framework */,
				390A28A819EBACF6009976F7 /* UIKit.framework */,
			);
			name = Frameworks;
			sourceTree = "<group>";
		};
/* End PBXGroup section */

/* Begin PBXNativeTarget section */
		390A287B19EBAB48009976F7 /* Taskly */ = {
			isa = PBXNativeTarget;
			buildConfigurationList = 390A28A219EBAB48009976F7 /* Build configuration list for PBXNativeTarget "Taskly" */;
			buildPhases = (
				390A287819EBAB48009976F7 /* Sources */,
				390A287919EBAB48009976F7 /* Frameworks */,
				390A287A19EBAB48009976F7 /* Resources */,
			);
			buildRules = (
			);
			dependencies = (
			);
			name = Taskly;
			productName = Taskly;
			productReference = 390A287C19EBAB48009976F7 /* Taskly.app */;
			productType = "com.apple.product-type.application";
		};
		390A289719EBAB48009976F7 /* TasklyTests */ = {
			isa = PBXNativeTarget;
			buildConfigurationList = 390A28A519EBAB48009976F7 /* Build configuration list for PBXNativeTarget "TasklyTests" */;
			buildPhases = (
				390A289419EBAB48009976F7 /* Sources */,
				390A289519EBAB48009976F7 /* Frameworks */,
				390A289619EBAB48009976F7 /* Resources */,
			);
			buildRules = (
			);
			dependencies = (
				390A289A19EBAB48009976F7 /* PBXTargetDependency */,
			);
			name = TasklyTests;
			productName = TasklyTests;
			productReference = 390A289819EBAB48009976F7 /* TasklyTests.xctest */;
			productType = "com.apple.product-type.bundle.unit-test";
		};
/* End PBXNativeTarget section */

/* Begin PBXProject section */
		390A287419EBAB48009976F7 /* Project object */ = {
			isa = PBXProject;
			attributes = {
				LastUpgradeCheck = 0600;
				ORGANIZATIONNAME = ASU;
				TargetAttributes = {
					390A287B19EBAB48009976F7 = {
						CreatedOnToolsVersion = 6.0.1;
					};
					390A289719EBAB48009976F7 = {
						CreatedOnToolsVersion = 6.0.1;
						TestTargetID = 390A287B19EBAB48009976F7;
					};
				};
			};
			buildConfigurationList = 390A287719EBAB48009976F7 /* Build configuration list for PBXProject "Taskly" */;
			compatibilityVersion = "Xcode 3.2";
			developmentRegion = English;
			hasScannedForEncodings = 0;
			knownRegions = (
				en,
				Base,
			);
			mainGroup = 390A287319EBAB48009976F7;
			productRefGroup = 390A287D19EBAB48009976F7 /* Products */;
			projectDirPath = "";
			projectRoot = "";
			targets = (
				390A287B19EBAB48009976F7 /* Taskly */,
				390A289719EBAB48009976F7 /* TasklyTests */,
			);
		};
/* End PBXProject section */

/* Begin PBXResourcesBuildPhase section */
		390A287A19EBAB48009976F7 /* Resources */ = {
			isa = PBXResourcesBuildPhase;
			buildActionMask = 2147483647;
			files = (
				3951495119F5FA130063C4CF /* stepper_up.png in Resources */,
				3951495219F5FA130063C4CF /* stepper_down.png in Resources */,
				390A288E19EBAB48009976F7 /* Main.storyboard in Resources */,
				390A289319EBAB48009976F7 /* LaunchScreen.xib in Resources */,
				390A28C019EBC970009976F7 /* hamburger_icon.png in Resources */,
				390A289019EBAB48009976F7 /* Images.xcassets in Resources */,
			);
			runOnlyForDeploymentPostprocessing = 0;
		};
		390A289619EBAB48009976F7 /* Resources */ = {
			isa = PBXResourcesBuildPhase;
			buildActionMask = 2147483647;
			files = (
			);
			runOnlyForDeploymentPostprocessing = 0;
		};
/* End PBXResourcesBuildPhase section */

/* Begin PBXSourcesBuildPhase section */
		390A287819EBAB48009976F7 /* Sources */ = {
			isa = PBXSourcesBuildPhase;
			buildActionMask = 2147483647;
			files = (
				390A28B519EBC330009976F7 /* Task.m in Sources */,
				390A288519EBAB48009976F7 /* AppDelegate.m in Sources */,
				39CDCA8219F63AC300108DCB /* NewTaskViewController.m in Sources */,
				39CDCA7F19F63A2E00108DCB /* TaskDetailViewController.m in Sources */,
				3951494719F5C88B0063C4CF /* SettingsViewController.m in Sources */,
				390A288219EBAB48009976F7 /* main.m in Sources */,
				390A28B219EBC27B009976F7 /* TaskManager.m in Sources */,
				390A28AE19EBC0DF009976F7 /* TaskTabViewController.m in Sources */,
				3951494E19F5F8E30063C4CF /* NewTaskDetailViewController.m in Sources */,
			);
			runOnlyForDeploymentPostprocessing = 0;
		};
		390A289419EBAB48009976F7 /* Sources */ = {
			isa = PBXSourcesBuildPhase;
			buildActionMask = 2147483647;
			files = (
				390A289F19EBAB48009976F7 /* TasklyTests.m in Sources */,
			);
			runOnlyForDeploymentPostprocessing = 0;
		};
/* End PBXSourcesBuildPhase section */

/* Begin PBXTargetDependency section */
		390A289A19EBAB48009976F7 /* PBXTargetDependency */ = {
			isa = PBXTargetDependency;
			target = 390A287B19EBAB48009976F7 /* Taskly */;
			targetProxy = 390A289919EBAB48009976F7 /* PBXContainerItemProxy */;
		};
/* End PBXTargetDependency section */

/* Begin PBXVariantGroup section */
		390A288C19EBAB48009976F7 /* Main.storyboard */ = {
			isa = PBXVariantGroup;
			children = (
				390A288D19EBAB48009976F7 /* Base */,
			);
			name = Main.storyboard;
			sourceTree = "<group>";
		};
		390A289119EBAB48009976F7 /* LaunchScreen.xib */ = {
			isa = PBXVariantGroup;
			children = (
				390A289219EBAB48009976F7 /* Base */,
			);
			name = LaunchScreen.xib;
			sourceTree = "<group>";
		};
/* End PBXVariantGroup section */

/* Begin XCBuildConfiguration section */
		390A28A019EBAB48009976F7 /* Debug */ = {
			isa = XCBuildConfiguration;
			buildSettings = {
				ALWAYS_SEARCH_USER_PATHS = NO;
				CLANG_CXX_LANGUAGE_STANDARD = "gnu++0x";
				CLANG_CXX_LIBRARY = "libc++";
				CLANG_ENABLE_MODULES = YES;
				CLANG_ENABLE_OBJC_ARC = YES;
				CLANG_WARN_BOOL_CONVERSION = YES;
				CLANG_WARN_CONSTANT_CONVERSION = YES;
				CLANG_WARN_DIRECT_OBJC_ISA_USAGE = YES_ERROR;
				CLANG_WARN_EMPTY_BODY = YES;
				CLANG_WARN_ENUM_CONVERSION = YES;
				CLANG_WARN_INT_CONVERSION = YES;
				CLANG_WARN_OBJC_ROOT_CLASS = YES_ERROR;
				CLANG_WARN_UNREACHABLE_CODE = YES;
				CLANG_WARN__DUPLICATE_METHOD_MATCH = YES;
				"CODE_SIGN_IDENTITY[sdk=iphoneos*]" = "iPhone Developer";
				COPY_PHASE_STRIP = NO;
				ENABLE_STRICT_OBJC_MSGSEND = YES;
				GCC_C_LANGUAGE_STANDARD = gnu99;
				GCC_DYNAMIC_NO_PIC = NO;
				GCC_OPTIMIZATION_LEVEL = 0;
				GCC_PREPROCESSOR_DEFINITIONS = (
					"DEBUG=1",
					"$(inherited)",
				);
				GCC_SYMBOLS_PRIVATE_EXTERN = NO;
				GCC_WARN_64_TO_32_BIT_CONVERSION = YES;
				GCC_WARN_ABOUT_RETURN_TYPE = YES_ERROR;
				GCC_WARN_UNDECLARED_SELECTOR = YES;
				GCC_WARN_UNINITIALIZED_AUTOS = YES_AGGRESSIVE;
				GCC_WARN_UNUSED_FUNCTION = YES;
				GCC_WARN_UNUSED_VARIABLE = YES;
				IPHONEOS_DEPLOYMENT_TARGET = 8.0;
				MTL_ENABLE_DEBUG_INFO = YES;
				ONLY_ACTIVE_ARCH = YES;
				SDKROOT = iphoneos;
			};
			name = Debug;
		};
		390A28A119EBAB48009976F7 /* Release */ = {
			isa = XCBuildConfiguration;
			buildSettings = {
				ALWAYS_SEARCH_USER_PATHS = NO;
				CLANG_CXX_LANGUAGE_STANDARD = "gnu++0x";
				CLANG_CXX_LIBRARY = "libc++";
				CLANG_ENABLE_MODULES = YES;
				CLANG_ENABLE_OBJC_ARC = YES;
				CLANG_WARN_BOOL_CONVERSION = YES;
				CLANG_WARN_CONSTANT_CONVERSION = YES;
				CLANG_WARN_DIRECT_OBJC_ISA_USAGE = YES_ERROR;
				CLANG_WARN_EMPTY_BODY = YES;
				CLANG_WARN_ENUM_CONVERSION = YES;
				CLANG_WARN_INT_CONVERSION = YES;
				CLANG_WARN_OBJC_ROOT_CLASS = YES_ERROR;
				CLANG_WARN_UNREACHABLE_CODE = YES;
				CLANG_WARN__DUPLICATE_METHOD_MATCH = YES;
				"CODE_SIGN_IDENTITY[sdk=iphoneos*]" = "iPhone Developer";
				COPY_PHASE_STRIP = YES;
				ENABLE_NS_ASSERTIONS = NO;
				ENABLE_STRICT_OBJC_MSGSEND = YES;
				GCC_C_LANGUAGE_STANDARD = gnu99;
				GCC_WARN_64_TO_32_BIT_CONVERSION = YES;
				GCC_WARN_ABOUT_RETURN_TYPE = YES_ERROR;
				GCC_WARN_UNDECLARED_SELECTOR = YES;
				GCC_WARN_UNINITIALIZED_AUTOS = YES_AGGRESSIVE;
				GCC_WARN_UNUSED_FUNCTION = YES;
				GCC_WARN_UNUSED_VARIABLE = YES;
				IPHONEOS_DEPLOYMENT_TARGET = 8.0;
				MTL_ENABLE_DEBUG_INFO = NO;
				SDKROOT = iphoneos;
				VALIDATE_PRODUCT = YES;
			};
			name = Release;
		};
		390A28A319EBAB48009976F7 /* Debug */ = {
			isa = XCBuildConfiguration;
			buildSettings = {
				ASSETCATALOG_COMPILER_APPICON_NAME = AppIcon;
				FRAMEWORK_SEARCH_PATHS = (
					"$(inherited)",
					"/Users/mileslaff/Resources/parse-library-1",
				);
				INFOPLIST_FILE = Taskly/Info.plist;
				LD_RUNPATH_SEARCH_PATHS = "$(inherited) @executable_path/Frameworks";
				PRODUCT_NAME = "$(TARGET_NAME)";
			};
			name = Debug;
		};
		390A28A419EBAB48009976F7 /* Release */ = {
			isa = XCBuildConfiguration;
			buildSettings = {
				ASSETCATALOG_COMPILER_APPICON_NAME = AppIcon;
				FRAMEWORK_SEARCH_PATHS = (
					"$(inherited)",
					"/Users/mileslaff/Resources/parse-library-1",
				);
				INFOPLIST_FILE = Taskly/Info.plist;
				LD_RUNPATH_SEARCH_PATHS = "$(inherited) @executable_path/Frameworks";
				PRODUCT_NAME = "$(TARGET_NAME)";
			};
			name = Release;
		};
		390A28A619EBAB48009976F7 /* Debug */ = {
			isa = XCBuildConfiguration;
			buildSettings = {
				BUNDLE_LOADER = "$(TEST_HOST)";
				FRAMEWORK_SEARCH_PATHS = (
					"$(SDKROOT)/Developer/Library/Frameworks",
					"$(inherited)",
				);
				GCC_PREPROCESSOR_DEFINITIONS = (
					"DEBUG=1",
					"$(inherited)",
				);
				INFOPLIST_FILE = TasklyTests/Info.plist;
				LD_RUNPATH_SEARCH_PATHS = "$(inherited) @executable_path/Frameworks @loader_path/Frameworks";
				PRODUCT_NAME = "$(TARGET_NAME)";
				TEST_HOST = "$(BUILT_PRODUCTS_DIR)/Taskly.app/Taskly";
			};
			name = Debug;
		};
		390A28A719EBAB48009976F7 /* Release */ = {
			isa = XCBuildConfiguration;
			buildSettings = {
				BUNDLE_LOADER = "$(TEST_HOST)";
				FRAMEWORK_SEARCH_PATHS = (
					"$(SDKROOT)/Developer/Library/Frameworks",
					"$(inherited)",
				);
				INFOPLIST_FILE = TasklyTests/Info.plist;
				LD_RUNPATH_SEARCH_PATHS = "$(inherited) @executable_path/Frameworks @loader_path/Frameworks";
				PRODUCT_NAME = "$(TARGET_NAME)";
				TEST_HOST = "$(BUILT_PRODUCTS_DIR)/Taskly.app/Taskly";
			};
			name = Release;
		};
/* End XCBuildConfiguration section */

/* Begin XCConfigurationList section */
		390A287719EBAB48009976F7 /* Build configuration list for PBXProject "Taskly" */ = {
			isa = XCConfigurationList;
			buildConfigurations = (
				390A28A019EBAB48009976F7 /* Debug */,
				390A28A119EBAB48009976F7 /* Release */,
			);
			defaultConfigurationIsVisible = 0;
			defaultConfigurationName = Release;
		};
		390A28A219EBAB48009976F7 /* Build configuration list for PBXNativeTarget "Taskly" */ = {
			isa = XCConfigurationList;
			buildConfigurations = (
				390A28A319EBAB48009976F7 /* Debug */,
				390A28A419EBAB48009976F7 /* Release */,
			);
			defaultConfigurationIsVisible = 0;
			defaultConfigurationName = Release;
		};
		390A28A519EBAB48009976F7 /* Build configuration list for PBXNativeTarget "TasklyTests" */ = {
			isa = XCConfigurationList;
			buildConfigurations = (
				390A28A619EBAB48009976F7 /* Debug */,
				390A28A719EBAB48009976F7 /* Release */,
			);
			defaultConfigurationIsVisible = 0;
			defaultConfigurationName = Release;
		};
/* End XCConfigurationList section */
	};
	rootObject = 390A287419EBAB48009976F7 /* Project object */;
}
